// !$*UTF8*$!
{
	archiveVersion = 1;
	classes = {
	};
	objectVersion = 50;
	objects = {

/* Begin PBXBuildFile section */
		5A555933212F0864001DA53F /* AppDelegate.swift in Sources */ = {isa = PBXBuildFile; fileRef = 5A555932212F0864001DA53F /* AppDelegate.swift */; };
		5A555935212F0864001DA53F /* ViewController.swift in Sources */ = {isa = PBXBuildFile; fileRef = 5A555934212F0864001DA53F /* ViewController.swift */; };
		5A555938212F0864001DA53F /* Main.storyboard in Resources */ = {isa = PBXBuildFile; fileRef = 5A555936212F0864001DA53F /* Main.storyboard */; };
		5A55593A212F0866001DA53F /* Assets.xcassets in Resources */ = {isa = PBXBuildFile; fileRef = 5A555939212F0866001DA53F /* Assets.xcassets */; };
		5A55593D212F0866001DA53F /* LaunchScreen.storyboard in Resources */ = {isa = PBXBuildFile; fileRef = 5A55593B212F0866001DA53F /* LaunchScreen.storyboard */; };
		5A555948212F0866001DA53F /* TippyTests.swift in Sources */ = {isa = PBXBuildFile; fileRef = 5A555947212F0866001DA53F /* TippyTests.swift */; };
		5A555953212F0866001DA53F /* TippyUITests.swift in Sources */ = {isa = PBXBuildFile; fileRef = 5A555952212F0866001DA53F /* TippyUITests.swift */; };
/* End PBXBuildFile section */

/* Begin PBXContainerItemProxy section */
		5A555944212F0866001DA53F /* PBXContainerItemProxy */ = {
			isa = PBXContainerItemProxy;
			containerPortal = 5A555927212F0863001DA53F /* Project object */;
			proxyType = 1;
			remoteGlobalIDString = 5A55592E212F0864001DA53F;
			remoteInfo = Tippy;
		};
		5A55594F212F0866001DA53F /* PBXContainerItemProxy */ = {
			isa = PBXContainerItemProxy;
			containerPortal = 5A555927212F0863001DA53F /* Project object */;
			proxyType = 1;
			remoteGlobalIDString = 5A55592E212F0864001DA53F;
			remoteInfo = Tippy;
		};
/* End PBXContainerItemProxy section */

/* Begin PBXFileReference section */
		5A55592F212F0864001DA53F /* Tippy.app */ = {isa = PBXFileReference; explicitFileType = wrapper.application; includeInIndex = 0; path = Tippy.app; sourceTree = BUILT_PRODUCTS_DIR; };
		5A555932212F0864001DA53F /* AppDelegate.swift */ = {isa = PBXFileReference; lastKnownFileType = sourcecode.swift; path = AppDelegate.swift; sourceTree = "<group>"; };
		5A555934212F0864001DA53F /* ViewController.swift */ = {isa = PBXFileReference; lastKnownFileType = sourcecode.swift; path = ViewController.swift; sourceTree = "<group>"; };
		5A555937212F0864001DA53F /* Base */ = {isa = PBXFileReference; lastKnownFileType = file.storyboard; name = Base; path = Base.lproj/Main.storyboard; sourceTree = "<group>"; };
		5A555939212F0866001DA53F /* Assets.xcassets */ = {isa = PBXFileReference; lastKnownFileType = folder.assetcatalog; path = Assets.xcassets; sourceTree = "<group>"; };
		5A55593C212F0866001DA53F /* Base */ = {isa = PBXFileReference; lastKnownFileType = file.storyboard; name = Base; path = Base.lproj/LaunchScreen.storyboard; sourceTree = "<group>"; };
		5A55593E212F0866001DA53F /* Info.plist */ = {isa = PBXFileReference; lastKnownFileType = text.plist.xml; path = Info.plist; sourceTree = "<group>"; };
		5A555943212F0866001DA53F /* TippyTests.xctest */ = {isa = PBXFileReference; explicitFileType = wrapper.cfbundle; includeInIndex = 0; path = TippyTests.xctest; sourceTree = BUILT_PRODUCTS_DIR; };
		5A555947212F0866001DA53F /* TippyTests.swift */ = {isa = PBXFileReference; lastKnownFileType = sourcecode.swift; path = TippyTests.swift; sourceTree = "<group>"; };
		5A555949212F0866001DA53F /* Info.plist */ = {isa = PBXFileReference; lastKnownFileType = text.plist.xml; path = Info.plist; sourceTree = "<group>"; };
		5A55594E212F0866001DA53F /* TippyUITests.xctest */ = {isa = PBXFileReference; explicitFileType = wrapper.cfbundle; includeInIndex = 0; path = TippyUITests.xctest; sourceTree = BUILT_PRODUCTS_DIR; };
		5A555952212F0866001DA53F /* TippyUITests.swift */ = {isa = PBXFileReference; lastKnownFileType = sourcecode.swift; path = TippyUITests.swift; sourceTree = "<group>"; };
		5A555954212F0866001DA53F /* Info.plist */ = {isa = PBXFileReference; lastKnownFileType = text.plist.xml; path = Info.plist; sourceTree = "<group>"; };
/* End PBXFileReference section */

/* Begin PBXFrameworksBuildPhase section */
		5A55592C212F0864001DA53F /* Frameworks */ = {
			isa = PBXFrameworksBuildPhase;
			buildActionMask = 2147483647;
			files = (
			);
			runOnlyForDeploymentPostprocessing = 0;
		};
		5A555940212F0866001DA53F /* Frameworks */ = {
			isa = PBXFrameworksBuildPhase;
			buildActionMask = 2147483647;
			files = (
			);
			runOnlyForDeploymentPostprocessing = 0;
		};
		5A55594B212F0866001DA53F /* Frameworks */ = {
			isa = PBXFrameworksBuildPhase;
			buildActionMask = 2147483647;
			files = (
			);
			runOnlyForDeploymentPostprocessing = 0;
		};
/* End PBXFrameworksBuildPhase section */

/* Begin PBXGroup section */
		5A555926212F0863001DA53F = {
			isa = PBXGroup;
			children = (
				5A555931212F0864001DA53F /* Tippy */,
				5A555946212F0866001DA53F /* TippyTests */,
				5A555951212F0866001DA53F /* TippyUITests */,
				5A555930212F0864001DA53F /* Products */,
			);
			sourceTree = "<group>";
		};
		5A555930212F0864001DA53F /* Products */ = {
			isa = PBXGroup;
			children = (
				5A55592F212F0864001DA53F /* Tippy.app */,
				5A555943212F0866001DA53F /* TippyTests.xctest */,
				5A55594E212F0866001DA53F /* TippyUITests.xctest */,
			);
			name = Products;
			sourceTree = "<group>";
		};
		5A555931212F0864001DA53F /* Tippy */ = {
			isa = PBXGroup;
			children = (
				5A555932212F0864001DA53F /* AppDelegate.swift */,
				5A555934212F0864001DA53F /* ViewController.swift */,
				5A555936212F0864001DA53F /* Main.storyboard */,
				5A555939212F0866001DA53F /* Assets.xcassets */,
				5A55593B212F0866001DA53F /* LaunchScreen.storyboard */,
				5A55593E212F0866001DA53F /* Info.plist */,
			);
			path = Tippy;
			sourceTree = "<group>";
		};
		5A555946212F0866001DA53F /* TippyTests */ = {
			isa = PBXGroup;
			children = (
				5A555947212F0866001DA53F /* TippyTests.swift */,
				5A555949212F0866001DA53F /* Info.plist */,
			);
			path = TippyTests;
			sourceTree = "<group>";
		};
		5A555951212F0866001DA53F /* TippyUITests */ = {
			isa = PBXGroup;
			children = (
				5A555952212F0866001DA53F /* TippyUITests.swift */,
				5A555954212F0866001DA53F /* Info.plist */,
			);
			path = TippyUITests;
			sourceTree = "<group>";
		};
/* End PBXGroup section */

/* Begin PBXNativeTarget section */
		5A55592E212F0864001DA53F /* Tippy */ = {
			isa = PBXNativeTarget;
			buildConfigurationList = 5A555957212F0866001DA53F /* Build configuration list for PBXNativeTarget "Tippy" */;
			buildPhases = (
				5A55592B212F0864001DA53F /* Sources */,
				5A55592C212F0864001DA53F /* Frameworks */,
				5A55592D212F0864001DA53F /* Resources */,
			);
			buildRules = (
			);
			dependencies = (
			);
			name = Tippy;
			productName = Tippy;
			productReference = 5A55592F212F0864001DA53F /* Tippy.app */;
			productType = "com.apple.product-type.application";
		};
		5A555942212F0866001DA53F /* TippyTests */ = {
			isa = PBXNativeTarget;
			buildConfigurationList = 5A55595A212F0866001DA53F /* Build configuration list for PBXNativeTarget "TippyTests" */;
			buildPhases = (
				5A55593F212F0866001DA53F /* Sources */,
				5A555940212F0866001DA53F /* Frameworks */,
				5A555941212F0866001DA53F /* Resources */,
			);
			buildRules = (
			);
			dependencies = (
				5A555945212F0866001DA53F /* PBXTargetDependency */,
			);
			name = TippyTests;
			productName = TippyTests;
			productReference = 5A555943212F0866001DA53F /* TippyTests.xctest */;
			productType = "com.apple.product-type.bundle.unit-test";
		};
		5A55594D212F0866001DA53F /* TippyUITests */ = {
			isa = PBXNativeTarget;
			buildConfigurationList = 5A55595D212F0866001DA53F /* Build configuration list for PBXNativeTarget "TippyUITests" */;
			buildPhases = (
				5A55594A212F0866001DA53F /* Sources */,
				5A55594B212F0866001DA53F /* Frameworks */,
				5A55594C212F0866001DA53F /* Resources */,
			);
			buildRules = (
			);
			dependencies = (
				5A555950212F0866001DA53F /* PBXTargetDependency */,
			);
			name = TippyUITests;
			productName = TippyUITests;
			productReference = 5A55594E212F0866001DA53F /* TippyUITests.xctest */;
			productType = "com.apple.product-type.bundle.ui-testing";
		};
/* End PBXNativeTarget section */

/* Begin PBXProject section */
		5A555927212F0863001DA53F /* Project object */ = {
			isa = PBXProject;
			attributes = {
				LastSwiftUpdateCheck = 0940;
				LastUpgradeCheck = 0940;
				ORGANIZATIONNAME = "Owen Jones";
				TargetAttributes = {
					5A55592E212F0864001DA53F = {
						CreatedOnToolsVersion = 9.4.1;
					};
					5A555942212F0866001DA53F = {
						CreatedOnToolsVersion = 9.4.1;
						TestTargetID = 5A55592E212F0864001DA53F;
					};
					5A55594D212F0866001DA53F = {
						CreatedOnToolsVersion = 9.4.1;
						TestTargetID = 5A55592E212F0864001DA53F;
					};
				};
			};
			buildConfigurationList = 5A55592A212F0863001DA53F /* Build configuration list for PBXProject "Tippy" */;
			compatibilityVersion = "Xcode 9.3";
			developmentRegion = en;
			hasScannedForEncodings = 0;
			knownRegions = (
				en,
				Base,
			);
			mainGroup = 5A555926212F0863001DA53F;
			productRefGroup = 5A555930212F0864001DA53F /* Products */;
			projectDirPath = "";
			projectRoot = "";
			targets = (
				5A55592E212F0864001DA53F /* Tippy */,
				5A555942212F0866001DA53F /* TippyTests */,
				5A55594D212F0866001DA53F /* TippyUITests */,
			);
		};
/* End PBXProject section */

/* Begin PBXResourcesBuildPhase section */
		5A55592D212F0864001DA53F /* Resources */ = {
			isa = PBXResourcesBuildPhase;
			buildActionMask = 2147483647;
			files = (
				5A55593D212F0866001DA53F /* LaunchScreen.storyboard in Resources */,
				5A55593A212F0866001DA53F /* Assets.xcassets in Resources */,
				5A555938212F0864001DA53F /* Main.storyboard in Resources */,
			);
			runOnlyForDeploymentPostprocessing = 0;
		};
		5A555941212F0866001DA53F /* Resources */ = {
			isa = PBXResourcesBuildPhase;
			buildActionMask = 2147483647;
			files = (
			);
			runOnlyForDeploymentPostprocessing = 0;
		};
		5A55594C212F0866001DA53F /* Resources */ = {
			isa = PBXResourcesBuildPhase;
			buildActionMask = 2147483647;
			files = (
			);
			runOnlyForDeploymentPostprocessing = 0;
		};
/* End PBXResourcesBuildPhase section */

/* Begin PBXSourcesBuildPhase section */
		5A55592B212F0864001DA53F /* Sources */ = {
			isa = PBXSourcesBuildPhase;
			buildActionMask = 2147483647;
			files = (
				5A555935212F0864001DA53F /* ViewController.swift in Sources */,
				5A555933212F0864001DA53F /* AppDelegate.swift in Sources */,
			);
			runOnlyForDeploymentPostprocessing = 0;
		};
		5A55593F212F0866001DA53F /* Sources */ = {
			isa = PBXSourcesBuildPhase;
			buildActionMask = 2147483647;
			files = (
				5A555948212F0866001DA53F /* TippyTests.swift in Sources */,
			);
			runOnlyForDeploymentPostprocessing = 0;
		};
		5A55594A212F0866001DA53F /* Sources */ = {
			isa = PBXSourcesBuildPhase;
			buildActionMask = 2147483647;
			files = (
				5A555953212F0866001DA53F /* TippyUITests.swift in Sources */,
			);
			runOnlyForDeploymentPostprocessing = 0;
		};
/* End PBXSourcesBuildPhase section */

/* Begin PBXTargetDependency section */
		5A555945212F0866001DA53F /* PBXTargetDependency */ = {
			isa = PBXTargetDependency;
			target = 5A55592E212F0864001DA53F /* Tippy */;
			targetProxy = 5A555944212F0866001DA53F /* PBXContainerItemProxy */;
		};
		5A555950212F0866001DA53F /* PBXTargetDependency */ = {
			isa = PBXTargetDependency;
			target = 5A55592E212F0864001DA53F /* Tippy */;
			targetProxy = 5A55594F212F0866001DA53F /* PBXContainerItemProxy */;
		};
/* End PBXTargetDependency section */

/* Begin PBXVariantGroup section */
		5A555936212F0864001DA53F /* Main.storyboard */ = {
			isa = PBXVariantGroup;
			children = (
				5A555937212F0864001DA53F /* Base */,
			);
			name = Main.storyboard;
			sourceTree = "<group>";
		};
		5A55593B212F0866001DA53F /* LaunchScreen.storyboard */ = {
			isa = PBXVariantGroup;
			children = (
				5A55593C212F0866001DA53F /* Base */,
			);
			name = LaunchScreen.storyboard;
			sourceTree = "<group>";
		};
/* End PBXVariantGroup section */

/* Begin XCBuildConfiguration section */
		5A555955212F0866001DA53F /* Debug */ = {
			isa = XCBuildConfiguration;
			buildSettings = {
				ALWAYS_SEARCH_USER_PATHS = NO;
				CLANG_ANALYZER_NONNULL = YES;
				CLANG_ANALYZER_NUMBER_OBJECT_CONVERSION = YES_AGGRESSIVE;
				CLANG_CXX_LANGUAGE_STANDARD = "gnu++14";
				CLANG_CXX_LIBRARY = "libc++";
				CLANG_ENABLE_MODULES = YES;
				CLANG_ENABLE_OBJC_ARC = YES;
				CLANG_ENABLE_OBJC_WEAK = YES;
				CLANG_WARN_BLOCK_CAPTURE_AUTORELEASING = YES;
				CLANG_WARN_BOOL_CONVERSION = YES;
				CLANG_WARN_COMMA = YES;
				CLANG_WARN_CONSTANT_CONVERSION = YES;
				CLANG_WARN_DEPRECATED_OBJC_IMPLEMENTATIONS = YES;
				CLANG_WARN_DIRECT_OBJC_ISA_USAGE = YES_ERROR;
				CLANG_WARN_DOCUMENTATION_COMMENTS = YES;
				CLANG_WARN_EMPTY_BODY = YES;
				CLANG_WARN_ENUM_CONVERSION = YES;
				CLANG_WARN_INFINITE_RECURSION = YES;
				CLANG_WARN_INT_CONVERSION = YES;
				CLANG_WARN_NON_LITERAL_NULL_CONVERSION = YES;
				CLANG_WARN_OBJC_IMPLICIT_RETAIN_SELF = YES;
				CLANG_WARN_OBJC_LITERAL_CONVERSION = YES;
				CLANG_WARN_OBJC_ROOT_CLASS = YES_ERROR;
				CLANG_WARN_RANGE_LOOP_ANALYSIS = YES;
				CLANG_WARN_STRICT_PROTOTYPES = YES;
				CLANG_WARN_SUSPICIOUS_MOVE = YES;
				CLANG_WARN_UNGUARDED_AVAILABILITY = YES_AGGRESSIVE;
				CLANG_WARN_UNREACHABLE_CODE = YES;
				CLANG_WARN__DUPLICATE_METHOD_MATCH = YES;
				CODE_SIGN_IDENTITY = "iPhone Developer";
				COPY_PHASE_STRIP = NO;
				DEBUG_INFORMATION_FORMAT = dwarf;
				ENABLE_STRICT_OBJC_MSGSEND = YES;
				ENABLE_TESTABILITY = YES;
				GCC_C_LANGUAGE_STANDARD = gnu11;
				GCC_DYNAMIC_NO_PIC = NO;
				GCC_NO_COMMON_BLOCKS = YES;
				GCC_OPTIMIZATION_LEVEL = 0;
				GCC_PREPROCESSOR_DEFINITIONS = (
					"DEBUG=1",
					"$(inherited)",
				);
				GCC_WARN_64_TO_32_BIT_CONVERSION = YES;
				GCC_WARN_ABOUT_RETURN_TYPE = YES_ERROR;
				GCC_WARN_UNDECLARED_SELECTOR = YES;
				GCC_WARN_UNINITIALIZED_AUTOS = YES_AGGRESSIVE;
				GCC_WARN_UNUSED_FUNCTION = YES;
				GCC_WARN_UNUSED_VARIABLE = YES;
				IPHONEOS_DEPLOYMENT_TARGET = 11.4;
				MTL_ENABLE_DEBUG_INFO = YES;
				ONLY_ACTIVE_ARCH = YES;
				SDKROOT = iphoneos;
				SWIFT_ACTIVE_COMPILATION_CONDITIONS = DEBUG;
				SWIFT_OPTIMIZATION_LEVEL = "-Onone";
			};
			name = Debug;
		};
		5A555956212F0866001DA53F /* Release */ = {
			isa = XCBuildConfiguration;
			buildSettings = {
				ALWAYS_SEARCH_USER_PATHS = NO;
				CLANG_ANALYZER_NONNULL = YES;
				CLANG_ANALYZER_NUMBER_OBJECT_CONVERSION = YES_AGGRESSIVE;
				CLANG_CXX_LANGUAGE_STANDARD = "gnu++14";
				CLANG_CXX_LIBRARY = "libc++";
				CLANG_ENABLE_MODULES = YES;
				CLANG_ENABLE_OBJC_ARC = YES;
				CLANG_ENABLE_OBJC_WEAK = YES;
				CLANG_WARN_BLOCK_CAPTURE_AUTORELEASING = YES;
				CLANG_WARN_BOOL_CONVERSION = YES;
				CLANG_WARN_COMMA = YES;
				CLANG_WARN_CONSTANT_CONVERSION = YES;
				CLANG_WARN_DEPRECATED_OBJC_IMPLEMENTATIONS = YES;
				CLANG_WARN_DIRECT_OBJC_ISA_USAGE = YES_ERROR;
				CLANG_WARN_DOCUMENTATION_COMMENTS = YES;
				CLANG_WARN_EMPTY_BODY = YES;
				CLANG_WARN_ENUM_CONVERSION = YES;
				CLANG_WARN_INFINITE_RECURSION = YES;
				CLANG_WARN_INT_CONVERSION = YES;
				CLANG_WARN_NON_LITERAL_NULL_CONVERSION = YES;
				CLANG_WARN_OBJC_IMPLICIT_RETAIN_SELF = YES;
				CLANG_WARN_OBJC_LITERAL_CONVERSION = YES;
				CLANG_WARN_OBJC_ROOT_CLASS = YES_ERROR;
				CLANG_WARN_RANGE_LOOP_ANALYSIS = YES;
				CLANG_WARN_STRICT_PROTOTYPES = YES;
				CLANG_WARN_SUSPICIOUS_MOVE = YES;
				CLANG_WARN_UNGUARDED_AVAILABILITY = YES_AGGRESSIVE;
				CLANG_WARN_UNREACHABLE_CODE = YES;
				CLANG_WARN__DUPLICATE_METHOD_MATCH = YES;
				CODE_SIGN_IDENTITY = "iPhone Developer";
				COPY_PHASE_STRIP = NO;
				DEBUG_INFORMATION_FORMAT = "dwarf-with-dsym";
				ENABLE_NS_ASSERTIONS = NO;
				ENABLE_STRICT_OBJC_MSGSEND = YES;
				GCC_C_LANGUAGE_STANDARD = gnu11;
				GCC_NO_COMMON_BLOCKS = YES;
				GCC_WARN_64_TO_32_BIT_CONVERSION = YES;
				GCC_WARN_ABOUT_RETURN_TYPE = YES_ERROR;
				GCC_WARN_UNDECLARED_SELECTOR = YES;
				GCC_WARN_UNINITIALIZED_AUTOS = YES_AGGRESSIVE;
				GCC_WARN_UNUSED_FUNCTION = YES;
				GCC_WARN_UNUSED_VARIABLE = YES;
				IPHONEOS_DEPLOYMENT_TARGET = 11.4;
				MTL_ENABLE_DEBUG_INFO = NO;
				SDKROOT = iphoneos;
				SWIFT_COMPILATION_MODE = wholemodule;
				SWIFT_OPTIMIZATION_LEVEL = "-O";
				VALIDATE_PRODUCT = YES;
			};
			name = Release;
		};
		5A555958212F0866001DA53F /* Debug */ = {
			isa = XCBuildConfiguration;
			buildSettings = {
				ASSETCATALOG_COMPILER_APPICON_NAME = AppIcon;
				CODE_SIGN_STYLE = Automatic;
				DEVELOPMENT_TEAM = KD5ZUTCDQA;
				INFOPLIST_FILE = Tippy/Info.plist;
				LD_RUNPATH_SEARCH_PATHS = (
					"$(inherited)",
					"@executable_path/Frameworks",
				);
				PRODUCT_BUNDLE_IDENTIFIER = com.OwenJones.Tippy;
				PRODUCT_NAME = "$(TARGET_NAME)";
				SWIFT_VERSION = 4.0;
				TARGETED_DEVICE_FAMILY = "1,2";
			};
			name = Debug;
		};
		5A555959212F0866001DA53F /* Release */ = {
			isa = XCBuildConfiguration;
			buildSettings = {
				ASSETCATALOG_COMPILER_APPICON_NAME = AppIcon;
				CODE_SIGN_STYLE = Automatic;
				DEVELOPMENT_TEAM = KD5ZUTCDQA;
				INFOPLIST_FILE = Tippy/Info.plist;
				LD_RUNPATH_SEARCH_PATHS = (
					"$(inherited)",
					"@executable_path/Frameworks",
				);
				PRODUCT_BUNDLE_IDENTIFIER = com.OwenJones.Tippy;
				PRODUCT_NAME = "$(TARGET_NAME)";
				SWIFT_VERSION = 4.0;
				TARGETED_DEVICE_FAMILY = "1,2";
			};
			name = Release;
		};
		5A55595B212F0866001DA53F /* Debug */ = {
			isa = XCBuildConfiguration;
			buildSettings = {
				ALWAYS_EMBED_SWIFT_STANDARD_LIBRARIES = YES;
				BUNDLE_LOADER = "$(TEST_HOST)";
				CODE_SIGN_STYLE = Automatic;
				DEVELOPMENT_TEAM = KD5ZUTCDQA;
				INFOPLIST_FILE = TippyTests/Info.plist;
				LD_RUNPATH_SEARCH_PATHS = (
					"$(inherited)",
					"@executable_path/Frameworks",
					"@loader_path/Frameworks",
				);
				PRODUCT_BUNDLE_IDENTIFIER = com.OwenJones.TippyTests;
				PRODUCT_NAME = "$(TARGET_NAME)";
				SWIFT_VERSION = 4.0;
				TARGETED_DEVICE_FAMILY = "1,2";
				TEST_HOST = "$(BUILT_PRODUCTS_DIR)/Tippy.app/Tippy";
			};
			name = Debug;
		};
		5A55595C212F0866001DA53F /* Release */ = {
			isa = XCBuildConfiguration;
			buildSettings = {
				ALWAYS_EMBED_SWIFT_STANDARD_LIBRARIES = YES;
				BUNDLE_LOADER = "$(TEST_HOST)";
				CODE_SIGN_STYLE = Automatic;
				DEVELOPMENT_TEAM = KD5ZUTCDQA;
				INFOPLIST_FILE = TippyTests/Info.plist;
				LD_RUNPATH_SEARCH_PATHS = (
					"$(inherited)",
					"@executable_path/Frameworks",
					"@loader_path/Frameworks",
				);
				PRODUCT_BUNDLE_IDENTIFIER = com.OwenJones.TippyTests;
				PRODUCT_NAME = "$(TARGET_NAME)";
				SWIFT_VERSION = 4.0;
				TARGETED_DEVICE_FAMILY = "1,2";
				TEST_HOST = "$(BUILT_PRODUCTS_DIR)/Tippy.app/Tippy";
			};
			name = Release;
		};
		5A55595E212F0866001DA53F /* Debug */ = {
			isa = XCBuildConfiguration;
			buildSettings = {
				ALWAYS_EMBED_SWIFT_STANDARD_LIBRARIES = YES;
				CODE_SIGN_STYLE = Automatic;
				DEVELOPMENT_TEAM = KD5ZUTCDQA;
				INFOPLIST_FILE = TippyUITests/Info.plist;
				LD_RUNPATH_SEARCH_PATHS = (
					"$(inherited)",
					"@executable_path/Frameworks",
					"@loader_path/Frameworks",
				);
				PRODUCT_BUNDLE_IDENTIFIER = com.OwenJones.TippyUITests;
				PRODUCT_NAME = "$(TARGET_NAME)";
				SWIFT_VERSION = 4.0;
				TARGETED_DEVICE_FAMILY = "1,2";
				TEST_TARGET_NAME = Tippy;
			};
			name = Debug;
		};
		5A55595F212F0866001DA53F /* Release */ = {
			isa = XCBuildConfiguration;
			buildSettings = {
				ALWAYS_EMBED_SWIFT_STANDARD_LIBRARIES = YES;
				CODE_SIGN_STYLE = Automatic;
				DEVELOPMENT_TEAM = KD5ZUTCDQA;
				INFOPLIST_FILE = TippyUITests/Info.plist;
				LD_RUNPATH_SEARCH_PATHS = (
					"$(inherited)",
					"@executable_path/Frameworks",
					"@loader_path/Frameworks",
				);
				PRODUCT_BUNDLE_IDENTIFIER = com.OwenJones.TippyUITests;
				PRODUCT_NAME = "$(TARGET_NAME)";
				SWIFT_VERSION = 4.0;
				TARGETED_DEVICE_FAMILY = "1,2";
				TEST_TARGET_NAME = Tippy;
			};
			name = Release;
		};
/* End XCBuildConfiguration section */

/* Begin XCConfigurationList section */
		5A55592A212F0863001DA53F /* Build configuration list for PBXProject "Tippy" */ = {
			isa = XCConfigurationList;
			buildConfigurations = (
				5A555955212F0866001DA53F /* Debug */,
				5A555956212F0866001DA53F /* Release */,
			);
			defaultConfigurationIsVisible = 0;
			defaultConfigurationName = Release;
		};
		5A555957212F0866001DA53F /* Build configuration list for PBXNativeTarget "Tippy" */ = {
			isa = XCConfigurationList;
			buildConfigurations = (
				5A555958212F0866001DA53F /* Debug */,
				5A555959212F0866001DA53F /* Release */,
			);
			defaultConfigurationIsVisible = 0;
			defaultConfigurationName = Release;
		};
		5A55595A212F0866001DA53F /* Build configuration list for PBXNativeTarget "TippyTests" */ = {
			isa = XCConfigurationList;
			buildConfigurations = (
				5A55595B212F0866001DA53F /* Debug */,
				5A55595C212F0866001DA53F /* Release */,
			);
			defaultConfigurationIsVisible = 0;
			defaultConfigurationName = Release;
		};
		5A55595D212F0866001DA53F /* Build configuration list for PBXNativeTarget "TippyUITests" */ = {
			isa = XCConfigurationList;
			buildConfigurations = (
				5A55595E212F0866001DA53F /* Debug */,
				5A55595F212F0866001DA53F /* Release */,
			);
			defaultConfigurationIsVisible = 0;
			defaultConfigurationName = Release;
		};
/* End XCConfigurationList section */
	};
	rootObject = 5A555927212F0863001DA53F /* Project object */;
}
